Microsoft Visual Studio Solution File, Format Version 12.00
# Visual Studio Version 17
VisualStudioVersion = 17.0.31903.59
MinimumVisualStudioVersion = 10.0.40219.1
Project("{FAE04EC0-301F-11D3-BF4B-00C04F79EFBC}") = "OrderService.Domain", "src\OrderService.Domain\OrderService.Domain.csproj", "{A1B2C3D4-E5F6-7890-ABCD-EF1234567890}"
EndProject
Project("{FAE04EC0-301F-11D3-BF4B-00C04F79EFBC}") = "OrderService.Application", "src\OrderService.Application\OrderService.Application.csproj", "{1B573E87-172A-4238-9AE2-29B4024AC0AE}"
EndProject
Project("{FAE04EC0-301F-11D3-BF4B-00C04F79EFBC}") = "OrderService.API", "src\OrderService.API\OrderService.API.csproj", "{58226684-CDAA-40B3-83EA-09143EDD83D6}"
EndProject
Project("{FAE04EC0-301F-11D3-BF4B-00C04F79EFBC}") = "OrderService.Domain.Tests", "tests\OrderService.Domain.Tests\OrderService.Domain.Tests.csproj", "{141796D9-6E87-42B2-9684-9E7398056479}"
EndProject
Project("{FAE04EC0-301F-11D3-BF4B-00C04F79EFBC}") = "OrderService.Application.Tests", "tests\OrderService.Application.Tests\OrderService.Application.Tests.csproj", "{544AE8F6-F0EF-4C8C-9779-5C21A7F3B2D0}"
EndProject
Global
	GlobalSection(SolutionConfigurationPlatforms) = preSolution
		Debug|Any CPU = Debug|Any CPU
		Release|Any CPU = Release|Any CPU
	EndGlobalSection
	GlobalSection(ProjectConfigurationPlatforms) = postSolution
		{A1B2C3D4-E5F6-7890-ABCD-EF1234567890}.Debug|Any CPU.ActiveCfg = Debug|Any CPU
		{A1B2C3D4-E5F6-7890-ABCD-EF1234567890}.Debug|Any CPU.Build.0 = Debug|Any CPU
		{A1B2C3D4-E5F6-7890-ABCD-EF1234567890}.Release|Any CPU.ActiveCfg = Release|Any CPU
		{A1B2C3D4-E5F6-7890-ABCD-EF1234567890}.Release|Any CPU.Build.0 = Release|Any CPU
		{1B573E87-172A-4238-9AE2-29B4024AC0AE}.Debug|Any CPU.ActiveCfg = Debug|Any CPU
		{1B573E87-172A-4238-9AE2-29B4024AC0AE}.Debug|Any CPU.Build.0 = Debug|Any CPU
		{1B573E87-172A-4238-9AE2-29B4024AC0AE}.Release|Any CPU.ActiveCfg = Release|Any CPU
		{1B573E87-172A-4238-9AE2-29B4024AC0AE}.Release|Any CPU.Build.0 = Release|Any CPU
		{58226684-CDAA-40B3-83EA-09143EDD83D6}.Debug|Any CPU.ActiveCfg = Debug|Any CPU
		{58226684-CDAA-40B3-83EA-09143EDD83D6}.Debug|Any CPU.Build.0 = Debug|Any CPU
		{58226684-CDAA-40B3-83EA-09143EDD83D6}.Release|Any CPU.ActiveCfg = Release|Any CPU
		{58226684-CDAA-40B3-83EA-09143EDD83D6}.Release|Any CPU.Build.0 = Release|Any CPU
		{141796D9-6E87-42B2-9684-9E7398056479}.Debug|Any CPU.ActiveCfg = Debug|Any CPU
		{141796D9-6E87-42B2-9684-9E7398056479}.Debug|Any CPU.Build.0 = Debug|Any CPU
		{141796D9-6E87-42B2-9684-9E7398056479}.Release|Any CPU.ActiveCfg = Release|Any CPU
		{141796D9-6E87-42B2-9684-9E7398056479}.Release|Any CPU.Build.0 = Release|Any CPU
		{544AE8F6-F0EF-4C8C-9779-5C21A7F3B2D0}.Debug|Any CPU.ActiveCfg = Debug|Any CPU
		{544AE8F6-F0EF-4C8C-9779-5C21A7F3B2D0}.Debug|Any CPU.Build.0 = Debug|Any CPU
		{544AE8F6-F0EF-4C8C-9779-5C21A7F3B2D0}.Release|Any CPU.ActiveCfg = Release|Any CPU
		{544AE8F6-F0EF-4C8C-9779-5C21A7F3B2D0}.Release|Any CPU.Build.0 = Release|Any CPU
	EndGlobalSection
	GlobalSection(SolutionProperties) = preSolution
		HideSolutionNode = FALSE
	EndGlobalSection
EndGlobal
